{
  "pins" : [
    {
      "identity" : "apollo-ios",
      "kind" : "remoteSourceControl",
      "location" : "https://github.com/apollographql/apollo-ios.git",
      "state" : {
        "revision" : "1abd62f6cbc8c1f4405919d7eb6cd8e96967b07c",
        "version" : "1.25.3"
      }
    }
  ],
  "version" : 2
}
